
Microsoft Visual Studio Solution File, Format Version 12.00
# Visual Studio Version 17
VisualStudioVersion = 17.2.32516.85
MinimumVisualStudioVersion = 10.0.40219.1
Project("{FAE04EC0-301F-11D3-BF4B-00C04F79EFBC}") = "WinProxyTool_WPF", "WinProxyTool_WPF.csproj", "{3034C075-B1F7-465B-8A46-8B67CC80B62A}"
EndProject
Global
	GlobalSection(SolutionConfigurationPlatforms) = preSolution
		Debug|Any CPU = Debug|Any CPU
		Release|Any CPU = Release|Any CPU
	EndGlobalSection
	GlobalSection(ProjectConfigurationPlatforms) = postSolution
		{3034C075-B1F7-465B-8A46-8B67CC80B62A}.Debug|Any CPU.ActiveCfg = Debug|Any CPU
		{3034C075-B1F7-465B-8A46-8B67CC80B62A}.Debug|Any CPU.Build.0 = Debug|Any CPU
		{3034C075-B1F7-465B-8A46-8B67CC80B62A}.Release|Any CPU.ActiveCfg = Release|Any CPU
		{3034C075-B1F7-465B-8A46-8B67CC80B62A}.Release|Any CPU.Build.0 = Release|Any CPU
	EndGlobalSection
	GlobalSection(SolutionProperties) = preSolution
		HideSolutionNode = FALSE
	EndGlobalSection
	GlobalSection(ExtensibilityGlobals) = postSolution
		SolutionGuid = {DD470230-CAA6-4B93-865A-31C44EA73245}
	EndGlobalSection
EndGlobal
